
Microsoft Visual Studio Solution File, Format Version 12.00
# Visual Studio Version 17
VisualStudioVersion = 17.8.34309.116
MinimumVisualStudioVersion = 10.0.40219.1
Project("{9A19103F-16F7-4668-BE54-9A1E7A4F7556}") = "pelican2mqtt", "pelican2mqtt\pelican2mqtt.csproj", "{B2E977A1-A8E6-4B75-9A78-1B55D391477F}"
EndProject
Project("{9A19103F-16F7-4668-BE54-9A1E7A4F7556}") = "pelican2mqtt.Test", "pelican2mqtt.Test\pelican2mqtt.Test.csproj", "{DE19C635-F864-4956-B7E5-7536F3DA6A2C}"
EndProject
Global
	GlobalSection(SolutionConfigurationPlatforms) = preSolution
		Debug|Any CPU = Debug|Any CPU
		Release|Any CPU = Release|Any CPU
	EndGlobalSection
	GlobalSection(ProjectConfigurationPlatforms) = postSolution
		{B2E977A1-A8E6-4B75-9A78-1B55D391477F}.Debug|Any CPU.ActiveCfg = Debug|Any CPU
		{B2E977A1-A8E6-4B75-9A78-1B55D391477F}.Debug|Any CPU.Build.0 = Debug|Any CPU
		{B2E977A1-A8E6-4B75-9A78-1B55D391477F}.Release|Any CPU.ActiveCfg = Release|Any CPU
		{B2E977A1-A8E6-4B75-9A78-1B55D391477F}.Release|Any CPU.Build.0 = Release|Any CPU
		{DE19C635-F864-4956-B7E5-7536F3DA6A2C}.Debug|Any CPU.ActiveCfg = Debug|Any CPU
		{DE19C635-F864-4956-B7E5-7536F3DA6A2C}.Debug|Any CPU.Build.0 = Debug|Any CPU
		{DE19C635-F864-4956-B7E5-7536F3DA6A2C}.Release|Any CPU.ActiveCfg = Release|Any CPU
		{DE19C635-F864-4956-B7E5-7536F3DA6A2C}.Release|Any CPU.Build.0 = Release|Any CPU
	EndGlobalSection
	GlobalSection(SolutionProperties) = preSolution
		HideSolutionNode = FALSE
	EndGlobalSection
	GlobalSection(ExtensibilityGlobals) = postSolution
		SolutionGuid = {35C6EB05-56E0-4228-AAC6-F3B06DDA78B4}
	EndGlobalSection
EndGlobal
