
Microsoft Visual Studio Solution File, Format Version 12.00
# Visual Studio Version 16
VisualStudioVersion = 16.0.30804.86
MinimumVisualStudioVersion = 10.0.40219.1
Project("{9A19103F-16F7-4668-BE54-9A1E7A4F7556}") = "pelican2mqtt", "pelican2mqtt.csproj", "{C1ECBA03-17CA-43FE-8CCF-D5750CEBB347}"
EndProject
Global
	GlobalSection(SolutionConfigurationPlatforms) = preSolution
		Debug|Any CPU = Debug|Any CPU
		Release|Any CPU = Release|Any CPU
	EndGlobalSection
	GlobalSection(ProjectConfigurationPlatforms) = postSolution
		{C1ECBA03-17CA-43FE-8CCF-D5750CEBB347}.Debug|Any CPU.ActiveCfg = Debug|Any CPU
		{C1ECBA03-17CA-43FE-8CCF-D5750CEBB347}.Debug|Any CPU.Build.0 = Debug|Any CPU
		{C1ECBA03-17CA-43FE-8CCF-D5750CEBB347}.Release|Any CPU.ActiveCfg = Release|Any CPU
		{C1ECBA03-17CA-43FE-8CCF-D5750CEBB347}.Release|Any CPU.Build.0 = Release|Any CPU
	EndGlobalSection
	GlobalSection(SolutionProperties) = preSolution
		HideSolutionNode = FALSE
	EndGlobalSection
	GlobalSection(ExtensibilityGlobals) = postSolution
		SolutionGuid = {35C6EB05-56E0-4228-AAC6-F3B06DDA78B4}
	EndGlobalSection
EndGlobal
